
Microsoft Visual Studio Solution File, Format Version 12.00
# Visual Studio Version 18
VisualStudioVersion = 18.2.11415.280 d18.0
MinimumVisualStudioVersion = 10.0.40219.1
Project("{FAE04EC0-301F-11D3-BF4B-00C04F79EFBC}") = "WebDatLichKham", "WebDatLichKham.csproj", "{1769C0B4-D6BE-0593-9D01-DC150BAF3B0B}"
EndProject
Global
	GlobalSection(SolutionConfigurationPlatforms) = preSolution
		Debug|Any CPU = Debug|Any CPU
		Release|Any CPU = Release|Any CPU
	EndGlobalSection
	GlobalSection(ProjectConfigurationPlatforms) = postSolution
		{1769C0B4-D6BE-0593-9D01-DC150BAF3B0B}.Debug|Any CPU.ActiveCfg = Debug|Any CPU
		{1769C0B4-D6BE-0593-9D01-DC150BAF3B0B}.Debug|Any CPU.Build.0 = Debug|Any CPU
		{1769C0B4-D6BE-0593-9D01-DC150BAF3B0B}.Release|Any CPU.ActiveCfg = Release|Any CPU
		{1769C0B4-D6BE-0593-9D01-DC150BAF3B0B}.Release|Any CPU.Build.0 = Release|Any CPU
	EndGlobalSection
	GlobalSection(SolutionProperties) = preSolution
		HideSolutionNode = FALSE
	EndGlobalSection
	GlobalSection(ExtensibilityGlobals) = postSolution
		SolutionGuid = {C6B668A0-B5E5-4C23-938E-3CC3B4223705}
	EndGlobalSection
EndGlobal
